asn1tools==0.167.0
attrs==26.1.0
Automat==25.4.16
bidict==0.23.1
bitstruct==8.22.1
certifi==2026.7.22
cffi==2.1.0
charset-normalizer==3.4.9
cmake==4.4.0
cmd2==3.4.0
colorlog==6.12.0
constantly==23.10.4
construct==2.10.70
cryptography==49.0.0
gsm0338==1.1.0
hyperlink==21.0.0
idna==3.18
Incremental==24.11.0
jsonpath-ng==1.8.0
klein==24.8.0
markdown-it-py==4.2.0
MarkupSafe==3.0.3
mdurl==0.1.2
packaging==26.2
pycparser==3.0
pycryptodomex==3.23.0
Pygments==2.20.0
pyOpenSSL==26.3.0
pyosmocom==0.0.12
pyparsing==3.3.2
pyperclip==1.11.0
pyscard==2.3.1
pyserial==3.5
pytlv==0.71
PyYAML==6.0.3
requests==2.34.2
rich==15.0.0
rich-argparse==1.8.0
service-identity==26.1.0
six==1.17.0
smpp.pdu @ git+https://github.com/hologram-io/smpp.pdu@20acc840ded958898eeb35ae9a18df9b29bdaaac
termcolor==3.3.0
Tubes==0.2.1
Twisted==26.4.0
typing_extensions==4.16.0
urllib3==2.7.0
Werkzeug==3.1.8
zope.interface==8.5
